
Microsoft Visual Studio Solution File, Format Version 12.00
# Visual Studio Version 16
VisualStudioVersion = 16.0.28705.295
MinimumVisualStudioVersion = 10.0.40219.1
Project("{FAE04EC0-301F-11D3-BF4B-00C04F79EFBC}") = "LogInspectLibTest", "LogInspectLibTest\LogInspectLibTest.csproj", "{27817740-837A-4050-B824-1C00EB6F503F}"
EndProject
Project("{FAE04EC0-301F-11D3-BF4B-00C04F79EFBC}") = "LogLib", "..\LogLib\LogLib\LogLib.csproj", "{EF4B0001-2859-4A09-8F95-3E5BEF4A5272}"
EndProject
Project("{FAE04EC0-301F-11D3-BF4B-00C04F79EFBC}") = "LogInspect", "LogInspect\LogInspect.csproj", "{B58C32E4-E142-43CB-8DC9-1908593B6AE7}"
EndProject
Project("{FAE04EC0-301F-11D3-BF4B-00C04F79EFBC}") = "ModuleLib", "..\ModuleLib\ModuleLib\ModuleLib.csproj", "{F89B06C7-43CC-4589-9859-3A4656AAA4A6}"
EndProject
Project("{FAE04EC0-301F-11D3-BF4B-00C04F79EFBC}") = "FormatHandlerDesigner", "FormatHandlerDesigner\FormatHandlerDesigner.csproj", "{E22B893A-F98F-494B-B1A5-4347DC78A36B}"
EndProject
Project("{FAE04EC0-301F-11D3-BF4B-00C04F79EFBC}") = "LogInspect.Models", "LogInspect.Models\LogInspect.Models.csproj", "{A5B0337B-AF35-43E5-AB56-AC72106B1B88}"
EndProject
Project("{FAE04EC0-301F-11D3-BF4B-00C04F79EFBC}") = "LogInspect.Modules", "LogInspect.Modules\LogInspect.Modules.csproj", "{51BD23F5-C8DD-4CEB-A44C-F466759381A9}"
EndProject
Project("{FAE04EC0-301F-11D3-BF4B-00C04F79EFBC}") = "LogInspect.ViewModels", "LogInspect.ViewModels\LogInspect.ViewModels.csproj", "{5282A833-18A3-4AE2-858E-D8BB0E897507}"
EndProject
Project("{FAE04EC0-301F-11D3-BF4B-00C04F79EFBC}") = "LogInspectCLI", "LogInspectCLI\LogInspectCLI.csproj", "{E9A39DC9-804C-4273-8E29-3950F41F1579}"
EndProject
Project("{FAE04EC0-301F-11D3-BF4B-00C04F79EFBC}") = "LogInspect.Resources", "LogInspect.Resources\LogInspect.Resources.csproj", "{DFB80D89-9EA4-4D6B-8E2B-2B8D7E405670}"
EndProject
Global
	GlobalSection(SolutionConfigurationPlatforms) = preSolution
		Debug|Any CPU = Debug|Any CPU
		Release|Any CPU = Release|Any CPU
	EndGlobalSection
	GlobalSection(ProjectConfigurationPlatforms) = postSolution
		{27817740-837A-4050-B824-1C00EB6F503F}.Debug|Any CPU.ActiveCfg = Debug|Any CPU
		{27817740-837A-4050-B824-1C00EB6F503F}.Debug|Any CPU.Build.0 = Debug|Any CPU
		{27817740-837A-4050-B824-1C00EB6F503F}.Release|Any CPU.ActiveCfg = Release|Any CPU
		{27817740-837A-4050-B824-1C00EB6F503F}.Release|Any CPU.Build.0 = Release|Any CPU
		{EF4B0001-2859-4A09-8F95-3E5BEF4A5272}.Debug|Any CPU.ActiveCfg = Debug|Any CPU
		{EF4B0001-2859-4A09-8F95-3E5BEF4A5272}.Debug|Any CPU.Build.0 = Debug|Any CPU
		{EF4B0001-2859-4A09-8F95-3E5BEF4A5272}.Release|Any CPU.ActiveCfg = Release|Any CPU
		{EF4B0001-2859-4A09-8F95-3E5BEF4A5272}.Release|Any CPU.Build.0 = Release|Any CPU
		{B58C32E4-E142-43CB-8DC9-1908593B6AE7}.Debug|Any CPU.ActiveCfg = Debug|Any CPU
		{B58C32E4-E142-43CB-8DC9-1908593B6AE7}.Debug|Any CPU.Build.0 = Debug|Any CPU
		{B58C32E4-E142-43CB-8DC9-1908593B6AE7}.Release|Any CPU.ActiveCfg = Release|Any CPU
		{B58C32E4-E142-43CB-8DC9-1908593B6AE7}.Release|Any CPU.Build.0 = Release|Any CPU
		{F89B06C7-43CC-4589-9859-3A4656AAA4A6}.Debug|Any CPU.ActiveCfg = Debug|Any CPU
		{F89B06C7-43CC-4589-9859-3A4656AAA4A6}.Debug|Any CPU.Build.0 = Debug|Any CPU
		{F89B06C7-43CC-4589-9859-3A4656AAA4A6}.Release|Any CPU.ActiveCfg = Release|Any CPU
		{F89B06C7-43CC-4589-9859-3A4656AAA4A6}.Release|Any CPU.Build.0 = Release|Any CPU
		{E22B893A-F98F-494B-B1A5-4347DC78A36B}.Debug|Any CPU.ActiveCfg = Debug|Any CPU
		{E22B893A-F98F-494B-B1A5-4347DC78A36B}.Debug|Any CPU.Build.0 = Debug|Any CPU
		{E22B893A-F98F-494B-B1A5-4347DC78A36B}.Release|Any CPU.ActiveCfg = Release|Any CPU
		{E22B893A-F98F-494B-B1A5-4347DC78A36B}.Release|Any CPU.Build.0 = Release|Any CPU
		{A5B0337B-AF35-43E5-AB56-AC72106B1B88}.Debug|Any CPU.ActiveCfg = Debug|Any CPU
		{A5B0337B-AF35-43E5-AB56-AC72106B1B88}.Debug|Any CPU.Build.0 = Debug|Any CPU
		{A5B0337B-AF35-43E5-AB56-AC72106B1B88}.Release|Any CPU.ActiveCfg = Release|Any CPU
		{A5B0337B-AF35-43E5-AB56-AC72106B1B88}.Release|Any CPU.Build.0 = Release|Any CPU
		{51BD23F5-C8DD-4CEB-A44C-F466759381A9}.Debug|Any CPU.ActiveCfg = Debug|Any CPU
		{51BD23F5-C8DD-4CEB-A44C-F466759381A9}.Debug|Any CPU.Build.0 = Debug|Any CPU
		{51BD23F5-C8DD-4CEB-A44C-F466759381A9}.Release|Any CPU.ActiveCfg = Release|Any CPU
		{51BD23F5-C8DD-4CEB-A44C-F466759381A9}.Release|Any CPU.Build.0 = Release|Any CPU
		{5282A833-18A3-4AE2-858E-D8BB0E897507}.Debug|Any CPU.ActiveCfg = Debug|Any CPU
		{5282A833-18A3-4AE2-858E-D8BB0E897507}.Debug|Any CPU.Build.0 = Debug|Any CPU
		{5282A833-18A3-4AE2-858E-D8BB0E897507}.Release|Any CPU.ActiveCfg = Release|Any CPU
		{5282A833-18A3-4AE2-858E-D8BB0E897507}.Release|Any CPU.Build.0 = Release|Any CPU
		{E9A39DC9-804C-4273-8E29-3950F41F1579}.Debug|Any CPU.ActiveCfg = Debug|Any CPU
		{E9A39DC9-804C-4273-8E29-3950F41F1579}.Debug|Any CPU.Build.0 = Debug|Any CPU
		{E9A39DC9-804C-4273-8E29-3950F41F1579}.Release|Any CPU.ActiveCfg = Release|Any CPU
		{E9A39DC9-804C-4273-8E29-3950F41F1579}.Release|Any CPU.Build.0 = Release|Any CPU
		{DFB80D89-9EA4-4D6B-8E2B-2B8D7E405670}.Debug|Any CPU.ActiveCfg = Debug|Any CPU
		{DFB80D89-9EA4-4D6B-8E2B-2B8D7E405670}.Debug|Any CPU.Build.0 = Debug|Any CPU
		{DFB80D89-9EA4-4D6B-8E2B-2B8D7E405670}.Release|Any CPU.ActiveCfg = Release|Any CPU
		{DFB80D89-9EA4-4D6B-8E2B-2B8D7E405670}.Release|Any CPU.Build.0 = Release|Any CPU
	EndGlobalSection
	GlobalSection(SolutionProperties) = preSolution
		HideSolutionNode = FALSE
	EndGlobalSection
	GlobalSection(ExtensibilityGlobals) = postSolution
		SolutionGuid = {87DE6CBF-2F2F-479F-8DCE-DA373A846145}
	EndGlobalSection
	GlobalSection(Performance) = preSolution
		HasPerformanceSessions = true
	EndGlobalSection
	GlobalSection(Performance) = preSolution
		HasPerformanceSessions = true
	EndGlobalSection
	GlobalSection(Performance) = preSolution
		HasPerformanceSessions = true
	EndGlobalSection
	GlobalSection(Performance) = preSolution
		HasPerformanceSessions = true
	EndGlobalSection
	GlobalSection(Performance) = preSolution
		HasPerformanceSessions = true
	EndGlobalSection
	GlobalSection(Performance) = preSolution
		HasPerformanceSessions = true
	EndGlobalSection
EndGlobal
